// !$*UTF8*$!
{
	archiveVersion = 1;
	classes = {
	};
	objectVersion = 46;
	objects = {

/* Begin PBXBuildFile section */
		6C8502D41B25A8C20002C5AF /* main.cpp in Sources */ = {isa = PBXBuildFile; fileRef = 6C8502D31B25A8C20002C5AF /* main.cpp */; };
/* End PBXBuildFile section */

/* Begin PBXFileReference section */
		6C1693911B302EED00F7DBE4 /* Adafruit_BLE_UART */ = {isa = PBXFileReference; lastKnownFileType = folder; path = Adafruit_BLE_UART; sourceTree = "<group>"; };
		6C8502D01B25A8C20002C5AF /* Index */ = {isa = PBXFileReference; explicitFileType = "compiled.mach-o.executable"; includeInIndex = 0; name = Index; path = /Users/dehanlouw/Documents/embdx_VM/build/Debug/Index; sourceTree = "<absolute>"; };
		6C8502D31B25A8C20002C5AF /* main.cpp */ = {isa = PBXFileReference; lastKnownFileType = sourcecode.cpp.cpp; path = main.cpp; sourceTree = "<group>"; };
		6C8502D51B25A8C20002C5AF /* Makefile */ = {isa = PBXFileReference; explicitFileType = sourcecode.make; path = Makefile; sourceTree = "<group>"; };
		6C8502F11B25A8C20002C5AF /* Arduino Uno.xcconfig */ = {isa = PBXFileReference; lastKnownFileType = text.xcconfig; name = "Arduino Uno.xcconfig"; path = "Configurations/Arduino Uno.xcconfig"; sourceTree = "<group>"; };
		6C85033A1B25A8C20002C5AF /* Step1.mk */ = {isa = PBXFileReference; explicitFileType = sourcecode.make; name = Step1.mk; path = Makefiles/Step1.mk; sourceTree = "<group>"; };
		6C85033B1B25A8C30002C5AF /* Step2.mk */ = {isa = PBXFileReference; explicitFileType = sourcecode.make; name = Step2.mk; path = Makefiles/Step2.mk; sourceTree = "<group>"; };
		6C85033F1B25A8C30002C5AF /* Avrdude.mk */ = {isa = PBXFileReference; explicitFileType = sourcecode.make; name = Avrdude.mk; path = Makefiles/Avrdude.mk; sourceTree = "<group>"; };
		6C8503431B25A8C30002C5AF /* reset_maple.py */ = {isa = PBXFileReference; lastKnownFileType = text.script.python; name = reset_maple.py; path = Utilities/reset_maple.py; sourceTree = "<group>"; };
		6C8503441B25A8C30002C5AF /* reset_1200.py */ = {isa = PBXFileReference; lastKnownFileType = text.script.python; name = reset_1200.py; path = Utilities/reset_1200.py; sourceTree = "<group>"; };
		6C8503461B25A8C30002C5AF /* embedXcode_check */ = {isa = PBXFileReference; lastKnownFileType = "compiled.mach-o.executable"; name = embedXcode_check; path = Utilities/embedXcode_check; sourceTree = "<group>"; };
		6C8503471B25A8C30002C5AF /* embedXcode_chrono */ = {isa = PBXFileReference; lastKnownFileType = "compiled.mach-o.executable"; name = embedXcode_chrono; path = Utilities/embedXcode_chrono; sourceTree = "<group>"; };
		6C8503481B25A8C30002C5AF /* TemplateIcon.icns */ = {isa = PBXFileReference; lastKnownFileType = image.icns; name = TemplateIcon.icns; path = Utilities/TemplateIcon.icns; sourceTree = "<group>"; };
		6C8503491B25A8C30002C5AF /* uploader_izmir.sh */ = {isa = PBXFileReference; lastKnownFileType = text.script.sh; name = uploader_izmir.sh; path = Utilities/uploader_izmir.sh; sourceTree = "<group>"; };
		6C8503601B25AC210002C5AF /* embdx_VM.cpp */ = {isa = PBXFileReference; fileEncoding = 4; lastKnownFileType = sourcecode.cpp.cpp; path = embdx_VM.cpp; sourceTree = "<group>"; };
/* End PBXFileReference section */

/* Begin PBXGroup section */
		6C8502C41B25A8C20002C5AF = {
			isa = PBXGroup;
			children = (
				6C8502D21B25A8C20002C5AF /* embdx_VM */,
			);
			sourceTree = "<group>";
		};
		6C8502D21B25A8C20002C5AF /* embdx_VM */ = {
			isa = PBXGroup;
			children = (
				6C1693911B302EED00F7DBE4 /* Adafruit_BLE_UART */,
				6C8502D31B25A8C20002C5AF /* main.cpp */,
				6C8502D51B25A8C20002C5AF /* Makefile */,
				6C8503601B25AC210002C5AF /* embdx_VM.cpp */,
				6C8502DD1B25A8C20002C5AF /* Configurations */,
				6C8503221B25A8C20002C5AF /* Makefiles */,
				6C8503421B25A8C30002C5AF /* Utilities */,
			);
			path = embdx_VM;
			sourceTree = "<group>";
		};
		6C8502DD1B25A8C20002C5AF /* Configurations */ = {
			isa = PBXGroup;
			children = (
				6C8502F11B25A8C20002C5AF /* Arduino Uno.xcconfig */,
			);
			name = Configurations;
			sourceTree = "<group>";
		};
		6C8503221B25A8C20002C5AF /* Makefiles */ = {
			isa = PBXGroup;
			children = (
				6C85033A1B25A8C20002C5AF /* Step1.mk */,
				6C85033B1B25A8C30002C5AF /* Step2.mk */,
				6C85033F1B25A8C30002C5AF /* Avrdude.mk */,
			);
			name = Makefiles;
			sourceTree = "<group>";
		};
		6C8503421B25A8C30002C5AF /* Utilities */ = {
			isa = PBXGroup;
			children = (
				6C8503431B25A8C30002C5AF /* reset_maple.py */,
				6C8503441B25A8C30002C5AF /* reset_1200.py */,
				6C8503461B25A8C30002C5AF /* embedXcode_check */,
				6C8503471B25A8C30002C5AF /* embedXcode_chrono */,
				6C8503481B25A8C30002C5AF /* TemplateIcon.icns */,
				6C8503491B25A8C30002C5AF /* uploader_izmir.sh */,
			);
			name = Utilities;
			sourceTree = "<group>";
		};
/* End PBXGroup section */

/* Begin PBXLegacyTarget section */
		6C8502C91B25A8C20002C5AF /* All */ = {
			isa = PBXLegacyTarget;
			buildArgumentsString = all;
			buildConfigurationList = 6C85034D1B25A8C30002C5AF /* Build configuration list for PBXLegacyTarget "All" */;
			buildPhases = (
			);
			buildToolPath = make;
			buildWorkingDirectory = "$(PROJECT)";
			dependencies = (
			);
			name = All;
			passBuildSettingsInEnvironment = 1;
			productName = All;
		};
		6C8502CA1B25A8C20002C5AF /* Build */ = {
			isa = PBXLegacyTarget;
			buildArgumentsString = build;
			buildConfigurationList = 6C8503501B25A8C30002C5AF /* Build configuration list for PBXLegacyTarget "Build" */;
			buildPhases = (
			);
			buildToolPath = make;
			buildWorkingDirectory = "$(PROJECT)";
			dependencies = (
			);
			name = Build;
			passBuildSettingsInEnvironment = 1;
			productName = Build;
		};
		6C8502CB1B25A8C20002C5AF /* Boards */ = {
			isa = PBXLegacyTarget;
			buildArgumentsString = boards;
			buildConfigurationList = 6C8503531B25A8C30002C5AF /* Build configuration list for PBXLegacyTarget "Boards" */;
			buildPhases = (
			);
			buildToolPath = make;
			buildWorkingDirectory = "$(PROJECT)";
			dependencies = (
			);
			name = Boards;
			passBuildSettingsInEnvironment = 1;
			productName = Boards;
		};
		6C8502CC1B25A8C20002C5AF /* Serial */ = {
			isa = PBXLegacyTarget;
			buildArgumentsString = serial;
			buildConfigurationList = 6C8503561B25A8C30002C5AF /* Build configuration list for PBXLegacyTarget "Serial" */;
			buildPhases = (
			);
			buildToolPath = make;
			buildWorkingDirectory = "$(PROJECT)";
			dependencies = (
			);
			name = Serial;
			passBuildSettingsInEnvironment = 1;
			productName = Serial;
		};
		6C8502CD1B25A8C20002C5AF /* Upload */ = {
			isa = PBXLegacyTarget;
			buildArgumentsString = upload;
			buildConfigurationList = 6C8503591B25A8C30002C5AF /* Build configuration list for PBXLegacyTarget "Upload" */;
			buildPhases = (
			);
			buildToolPath = make;
			buildWorkingDirectory = "$(PROJECT)";
			dependencies = (
			);
			name = Upload;
			passBuildSettingsInEnvironment = 1;
			productName = Upload;
		};
/* End PBXLegacyTarget section */

/* Begin PBXNativeTarget section */
		6C8502CF1B25A8C20002C5AF /* Index */ = {
			isa = PBXNativeTarget;
			buildConfigurationList = 6C85035C1B25A8C30002C5AF /* Build configuration list for PBXNativeTarget "Index" */;
			buildPhases = (
				6C8502CE1B25A8C20002C5AF /* Sources */,
			);
			buildRules = (
			);
			dependencies = (
			);
			name = Index;
			productName = Index;
			productReference = 6C8502D01B25A8C20002C5AF /* Index */;
			productType = "com.apple.product-type.tool";
		};
/* End PBXNativeTarget section */

/* Begin PBXProject section */
		6C8502C51B25A8C20002C5AF /* Project object */ = {
			isa = PBXProject;
			attributes = {
				LastUpgradeCheck = 0630;
				ORGANIZATIONNAME = "Dehan Louw";
				TargetAttributes = {
					6C8502C91B25A8C20002C5AF = {
						CreatedOnToolsVersion = 6.3.2;
					};
					6C8502CA1B25A8C20002C5AF = {
						CreatedOnToolsVersion = 6.3.2;
					};
					6C8502CB1B25A8C20002C5AF = {
						CreatedOnToolsVersion = 6.3.2;
					};
					6C8502CC1B25A8C20002C5AF = {
						CreatedOnToolsVersion = 6.3.2;
					};
					6C8502CD1B25A8C20002C5AF = {
						CreatedOnToolsVersion = 6.3.2;
					};
					6C8502CF1B25A8C20002C5AF = {
						CreatedOnToolsVersion = 6.3.2;
					};
				};
			};
			buildConfigurationList = 6C8502C81B25A8C20002C5AF /* Build configuration list for PBXProject "embdx_VM" */;
			compatibilityVersion = "Xcode 3.2";
			developmentRegion = English;
			hasScannedForEncodings = 0;
			knownRegions = (
				en,
			);
			mainGroup = 6C8502C41B25A8C20002C5AF;
			productRefGroup = 6C8502C41B25A8C20002C5AF;
			projectDirPath = "";
			projectRoot = "";
			targets = (
				6C8502C91B25A8C20002C5AF /* All */,
				6C8502CA1B25A8C20002C5AF /* Build */,
				6C8502CB1B25A8C20002C5AF /* Boards */,
				6C8502CC1B25A8C20002C5AF /* Serial */,
				6C8502CD1B25A8C20002C5AF /* Upload */,
				6C8502CF1B25A8C20002C5AF /* Index */,
			);
		};
/* End PBXProject section */

/* Begin PBXSourcesBuildPhase section */
		6C8502CE1B25A8C20002C5AF /* Sources */ = {
			isa = PBXSourcesBuildPhase;
			buildActionMask = 2147483647;
			files = (
				6C8502D41B25A8C20002C5AF /* main.cpp in Sources */,
			);
			runOnlyForDeploymentPostprocessing = 0;
		};
/* End PBXSourcesBuildPhase section */

/* Begin XCBuildConfiguration section */
		6C85034B1B25A8C30002C5AF /* Debug */ = {
			isa = XCBuildConfiguration;
			baseConfigurationReference = 6C8502F11B25A8C20002C5AF /* Arduino Uno.xcconfig */;
			buildSettings = {
				ALWAYS_SEARCH_USER_PATHS = YES;
				CLANG_CXX_LANGUAGE_STANDARD = "gnu++0x";
				CLANG_CXX_LIBRARY = "libc++";
				CLANG_ENABLE_MODULES = YES;
				CLANG_ENABLE_OBJC_ARC = YES;
				CLANG_WARN_BOOL_CONVERSION = YES;
				CLANG_WARN_CONSTANT_CONVERSION = YES;
				CLANG_WARN_DIRECT_OBJC_ISA_USAGE = YES_ERROR;
				CLANG_WARN_EMPTY_BODY = YES;
				CLANG_WARN_ENUM_CONVERSION = YES;
				CLANG_WARN_INT_CONVERSION = YES;
				CLANG_WARN_OBJC_ROOT_CLASS = YES_ERROR;
				CLANG_WARN_UNREACHABLE_CODE = YES;
				CLANG_WARN__DUPLICATE_METHOD_MATCH = YES;
				COPY_PHASE_STRIP = NO;
				ENABLE_STRICT_OBJC_MSGSEND = YES;
				GCC_C_LANGUAGE_STANDARD = gnu99;
				GCC_DYNAMIC_NO_PIC = NO;
				GCC_NO_COMMON_BLOCKS = YES;
				GCC_OPTIMIZATION_LEVEL = 0;
				GCC_PREPROCESSOR_DEFINITIONS = (
					"DEBUG=1",
					"$(inherited)",
				);
				GCC_SYMBOLS_PRIVATE_EXTERN = NO;
				GCC_WARN_64_TO_32_BIT_CONVERSION = YES;
				GCC_WARN_ABOUT_RETURN_TYPE = YES_ERROR;
				GCC_WARN_UNDECLARED_SELECTOR = YES;
				GCC_WARN_UNINITIALIZED_AUTOS = YES_AGGRESSIVE;
				GCC_WARN_UNUSED_FUNCTION = YES;
				GCC_WARN_UNUSED_VARIABLE = YES;
				HEADER_SEARCH_PATHS = "$(inherited)";
				MTL_ENABLE_DEBUG_INFO = YES;
				ONLY_ACTIVE_ARCH = YES;
				PATH = "$(PATH):$(PROJECT_DIR)";
				PRODUCT_NAME = "$(TARGET_NAME)";
				SKETCHBOOK_DIR = "";
				SKETCH_EXTENSION = ino;
			};
			name = Debug;
		};
		6C85034C1B25A8C30002C5AF /* Release */ = {
			isa = XCBuildConfiguration;
			buildSettings = {
				ALWAYS_SEARCH_USER_PATHS = YES;
				CLANG_CXX_LANGUAGE_STANDARD = "gnu++0x";
				CLANG_CXX_LIBRARY = "libc++";
				CLANG_ENABLE_MODULES = YES;
				CLANG_ENABLE_OBJC_ARC = YES;
				CLANG_WARN_BOOL_CONVERSION = YES;
				CLANG_WARN_CONSTANT_CONVERSION = YES;
				CLANG_WARN_DIRECT_OBJC_ISA_USAGE = YES_ERROR;
				CLANG_WARN_EMPTY_BODY = YES;
				CLANG_WARN_ENUM_CONVERSION = YES;
				CLANG_WARN_INT_CONVERSION = YES;
				CLANG_WARN_OBJC_ROOT_CLASS = YES_ERROR;
				CLANG_WARN_UNREACHABLE_CODE = YES;
				CLANG_WARN__DUPLICATE_METHOD_MATCH = YES;
				COPY_PHASE_STRIP = NO;
				ENABLE_NS_ASSERTIONS = NO;
				ENABLE_STRICT_OBJC_MSGSEND = YES;
				GCC_C_LANGUAGE_STANDARD = gnu99;
				GCC_NO_COMMON_BLOCKS = YES;
				GCC_WARN_64_TO_32_BIT_CONVERSION = YES;
				GCC_WARN_ABOUT_RETURN_TYPE = YES_ERROR;
				GCC_WARN_UNDECLARED_SELECTOR = YES;
				GCC_WARN_UNINITIALIZED_AUTOS = YES_AGGRESSIVE;
				GCC_WARN_UNUSED_FUNCTION = YES;
				GCC_WARN_UNUSED_VARIABLE = YES;
				HEADER_SEARCH_PATHS = "$(inherited)";
				MTL_ENABLE_DEBUG_INFO = NO;
				PATH = "$(PATH):$(PROJECT_DIR)";
				PRODUCT_NAME = "$(TARGET_NAME)";
				SKETCHBOOK_DIR = "";
				SKETCH_EXTENSION = ino;
			};
			name = Release;
		};
		6C85034E1B25A8C30002C5AF /* Debug */ = {
			isa = XCBuildConfiguration;
			buildSettings = {
				PRODUCT_NAME = "$(TARGET_NAME)";
				SKETCH_EXTENSION = cpp;
			};
			name = Debug;
		};
		6C85034F1B25A8C30002C5AF /* Release */ = {
			isa = XCBuildConfiguration;
			buildSettings = {
				PRODUCT_NAME = "$(TARGET_NAME)";
				SKETCH_EXTENSION = cpp;
			};
			name = Release;
		};
		6C8503511B25A8C30002C5AF /* Debug */ = {
			isa = XCBuildConfiguration;
			buildSettings = {
				SKETCH_EXTENSION = cpp;
			};
			name = Debug;
		};
		6C8503521B25A8C30002C5AF /* Release */ = {
			isa = XCBuildConfiguration;
			buildSettings = {
				SKETCH_EXTENSION = cpp;
			};
			name = Release;
		};
		6C8503541B25A8C30002C5AF /* Debug */ = {
			isa = XCBuildConfiguration;
			buildSettings = {
			};
			name = Debug;
		};
		6C8503551B25A8C30002C5AF /* Release */ = {
			isa = XCBuildConfiguration;
			buildSettings = {
			};
			name = Release;
		};
		6C8503571B25A8C30002C5AF /* Debug */ = {
			isa = XCBuildConfiguration;
			buildSettings = {
			};
			name = Debug;
		};
		6C8503581B25A8C30002C5AF /* Release */ = {
			isa = XCBuildConfiguration;
			buildSettings = {
			};
			name = Release;
		};
		6C85035A1B25A8C30002C5AF /* Debug */ = {
			isa = XCBuildConfiguration;
			buildSettings = {
			};
			name = Debug;
		};
		6C85035B1B25A8C30002C5AF /* Release */ = {
			isa = XCBuildConfiguration;
			buildSettings = {
			};
			name = Release;
		};
		6C85035D1B25A8C30002C5AF /* Debug */ = {
			isa = XCBuildConfiguration;
			buildSettings = {
			};
			name = Debug;
		};
		6C85035E1B25A8C30002C5AF /* Release */ = {
			isa = XCBuildConfiguration;
			buildSettings = {
			};
			name = Release;
		};
/* End XCBuildConfiguration section */

/* Begin XCConfigurationList section */
		6C8502C81B25A8C20002C5AF /* Build configuration list for PBXProject "embdx_VM" */ = {
			isa = XCConfigurationList;
			buildConfigurations = (
				6C85034B1B25A8C30002C5AF /* Debug */,
				6C85034C1B25A8C30002C5AF /* Release */,
			);
			defaultConfigurationIsVisible = 0;
			defaultConfigurationName = Release;
		};
		6C85034D1B25A8C30002C5AF /* Build configuration list for PBXLegacyTarget "All" */ = {
			isa = XCConfigurationList;
			buildConfigurations = (
				6C85034E1B25A8C30002C5AF /* Debug */,
				6C85034F1B25A8C30002C5AF /* Release */,
			);
			defaultConfigurationIsVisible = 0;
			defaultConfigurationName = Release;
		};
		6C8503501B25A8C30002C5AF /* Build configuration list for PBXLegacyTarget "Build" */ = {
			isa = XCConfigurationList;
			buildConfigurations = (
				6C8503511B25A8C30002C5AF /* Debug */,
				6C8503521B25A8C30002C5AF /* Release */,
			);
			defaultConfigurationIsVisible = 0;
			defaultConfigurationName = Release;
		};
		6C8503531B25A8C30002C5AF /* Build configuration list for PBXLegacyTarget "Boards" */ = {
			isa = XCConfigurationList;
			buildConfigurations = (
				6C8503541B25A8C30002C5AF /* Debug */,
				6C8503551B25A8C30002C5AF /* Release */,
			);
			defaultConfigurationIsVisible = 0;
			defaultConfigurationName = Release;
		};
		6C8503561B25A8C30002C5AF /* Build configuration list for PBXLegacyTarget "Serial" */ = {
			isa = XCConfigurationList;
			buildConfigurations = (
				6C8503571B25A8C30002C5AF /* Debug */,
				6C8503581B25A8C30002C5AF /* Release */,
			);
			defaultConfigurationIsVisible = 0;
			defaultConfigurationName = Release;
		};
		6C8503591B25A8C30002C5AF /* Build configuration list for PBXLegacyTarget "Upload" */ = {
			isa = XCConfigurationList;
			buildConfigurations = (
				6C85035A1B25A8C30002C5AF /* Debug */,
				6C85035B1B25A8C30002C5AF /* Release */,
			);
			defaultConfigurationIsVisible = 0;
			defaultConfigurationName = Release;
		};
		6C85035C1B25A8C30002C5AF /* Build configuration list for PBXNativeTarget "Index" */ = {
			isa = XCConfigurationList;
			buildConfigurations = (
				6C85035D1B25A8C30002C5AF /* Debug */,
				6C85035E1B25A8C30002C5AF /* Release */,
			);
			defaultConfigurationIsVisible = 0;
			defaultConfigurationName = Release;
		};
/* End XCConfigurationList section */
	};
	rootObject = 6C8502C51B25A8C20002C5AF /* Project object */;
}
